
Microsoft Visual Studio Solution File, Format Version 12.00
# Visual Studio Version 17
VisualStudioVersion = 17.10.34928.147
MinimumVisualStudioVersion = 10.0.40219.1
Project("{FAE04EC0-301F-11D3-BF4B-00C04F79EFBC}") = "server", "server\server.csproj", "{83FCF41E-1A88-4641-B550-9B5A2C80A5EE}"
EndProject
Global
	GlobalSection(SolutionConfigurationPlatforms) = preSolution
		Debug|Any CPU = Debug|Any CPU
		Release|Any CPU = Release|Any CPU
	EndGlobalSection
	GlobalSection(ProjectConfigurationPlatforms) = postSolution
		{83FCF41E-1A88-4641-B550-9B5A2C80A5EE}.Debug|Any CPU.ActiveCfg = Debug|Any CPU
		{83FCF41E-1A88-4641-B550-9B5A2C80A5EE}.Debug|Any CPU.Build.0 = Debug|Any CPU
		{83FCF41E-1A88-4641-B550-9B5A2C80A5EE}.Release|Any CPU.ActiveCfg = Release|Any CPU
		{83FCF41E-1A88-4641-B550-9B5A2C80A5EE}.Release|Any CPU.Build.0 = Release|Any CPU
	EndGlobalSection
	GlobalSection(SolutionProperties) = preSolution
		HideSolutionNode = FALSE
	EndGlobalSection
	GlobalSection(ExtensibilityGlobals) = postSolution
		SolutionGuid = {3DED767A-4BB6-43FF-82D6-70F35CFBA54F}
	EndGlobalSection
EndGlobal
